
Microsoft Visual Studio Solution File, Format Version 12.00
# Visual Studio Version 17
VisualStudioVersion = 17.8.34322.80
MinimumVisualStudioVersion = 10.0.40219.1
Project("{FAE04EC0-301F-11D3-BF4B-00C04F79EFBC}") = "MatrixUtil", "MatrixUtil\MatrixUtil.csproj", "{B204E2B3-F34E-45B8-ACF7-161C2E992BE7}"
EndProject
Global
	GlobalSection(SolutionConfigurationPlatforms) = preSolution
		Debug|Any CPU = Debug|Any CPU
		Release|Any CPU = Release|Any CPU
	EndGlobalSection
	GlobalSection(ProjectConfigurationPlatforms) = postSolution
		{B204E2B3-F34E-45B8-ACF7-161C2E992BE7}.Debug|Any CPU.ActiveCfg = Debug|Any CPU
		{B204E2B3-F34E-45B8-ACF7-161C2E992BE7}.Debug|Any CPU.Build.0 = Debug|Any CPU
		{B204E2B3-F34E-45B8-ACF7-161C2E992BE7}.Release|Any CPU.ActiveCfg = Release|Any CPU
		{B204E2B3-F34E-45B8-ACF7-161C2E992BE7}.Release|Any CPU.Build.0 = Release|Any CPU
	EndGlobalSection
	GlobalSection(SolutionProperties) = preSolution
		HideSolutionNode = FALSE
	EndGlobalSection
	GlobalSection(ExtensibilityGlobals) = postSolution
		SolutionGuid = {8C1EB5DC-8133-4705-9DA8-0FBAF9A881F4}
	EndGlobalSection
EndGlobal
